
Microsoft Visual Studio Solution File, Format Version 12.00
Project("{2150E333-8FDC-42A3-9474-1A3956D46DE8}") = "_Files", "_Files", "{6993B028-32AD-45DC-A3E9-EA65C635FAB4}"
	ProjectSection(SolutionItems) = preProject
		LICENSE = LICENSE
		README.md = README.md
		Directory.Build.props = Directory.Build.props
	EndProjectSection
EndProject
Project("{2150E333-8FDC-42A3-9474-1A3956D46DE8}") = "Api", "Api", "{E5058B30-6279-438D-8818-BEA329D38AC7}"
EndProject
Project("{2150E333-8FDC-42A3-9474-1A3956D46DE8}") = "Web", "Web", "{A6559E15-570F-4DF8-A0AB-D032FFCED816}"
EndProject
Project("{2150E333-8FDC-42A3-9474-1A3956D46DE8}") = "Shared", "Shared", "{A54172B4-D031-4031-887A-9D60C3D43F23}"
EndProject
Project("{2150E333-8FDC-42A3-9474-1A3956D46DE8}") = "Application", "Application", "{52D4B43F-3D6D-4244-9352-C0AC0F4C267B}"
EndProject
Project("{2150E333-8FDC-42A3-9474-1A3956D46DE8}") = "Domain", "Domain", "{3131EC38-BF9C-4675-BA37-85EC728764BA}"
EndProject
Project("{2150E333-8FDC-42A3-9474-1A3956D46DE8}") = "Infrastructure", "Infrastructure", "{9630947B-2A28-4350-A7FB-811E687B442C}"
EndProject
Project("{2150E333-8FDC-42A3-9474-1A3956D46DE8}") = "Presentation", "Presentation", "{52ABDBE7-20E9-4151-B906-8512989B7E92}"
EndProject
Project("{2150E333-8FDC-42A3-9474-1A3956D46DE8}") = "Shared", "Shared", "{86D973B6-9266-4792-8245-746ED7BE8EB5}"
EndProject
Project("{FAE04EC0-301F-11D3-BF4B-00C04F79EFBC}") = "DutyDock.Api", "src\api\presentation\DutyDock.Api\DutyDock.Api.csproj", "{B3634EE9-7355-42E8-9999-908FCC8072E4}"
EndProject
Project("{FAE04EC0-301F-11D3-BF4B-00C04F79EFBC}") = "DutyDock.Application", "src\api\application\DutyDock.Application\DutyDock.Application.csproj", "{73E0A2CE-E098-45A5-A4FE-DFBC41054981}"
EndProject
Project("{FAE04EC0-301F-11D3-BF4B-00C04F79EFBC}") = "DutyDock.Api.Web", "src\api\presentation\DutyDock.Api.Web\DutyDock.Api.Web.csproj", "{3F217A93-698F-4A39-9466-5F509C57F4DC}"
EndProject
Project("{FAE04EC0-301F-11D3-BF4B-00C04F79EFBC}") = "DutyDock.Api.Client", "src\shared\DutyDock.Api.Client\DutyDock.Api.Client.csproj", "{0478E735-0AC4-4DF5-A64C-0A3CCEE71A26}"
EndProject
Project("{FAE04EC0-301F-11D3-BF4B-00C04F79EFBC}") = "DutyDock.Api.Contracts", "src\shared\DutyDock.Api.Contracts\DutyDock.Api.Contracts.csproj", "{534DAAC2-1506-40C0-A0CE-CFA6B956628F}"
EndProject
Project("{FAE04EC0-301F-11D3-BF4B-00C04F79EFBC}") = "DutyDock.Api.Shared", "src\api\presentation\DutyDock.Api.Shared\DutyDock.Api.Shared.csproj", "{1CB92AF2-CE6D-4FA4-9EBC-BA1258071D0F}"
EndProject
Project("{FAE04EC0-301F-11D3-BF4B-00C04F79EFBC}") = "DutyDock.Domain", "src\api\domain\DutyDock.Domain\DutyDock.Domain.csproj", "{9065E3B5-8779-4C88-A3A2-8B46EB68F5A2}"
EndProject
Project("{FAE04EC0-301F-11D3-BF4B-00C04F79EFBC}") = "DutyDock.Domain.Tests.Unit", "src\api\domain\DutyDock.Domain.Tests.Unit\DutyDock.Domain.Tests.Unit.csproj", "{5F730095-7037-4010-AE21-90A4843B9D6B}"
EndProject
Project("{FAE04EC0-301F-11D3-BF4B-00C04F79EFBC}") = "DutyDock.Infrastructure", "src\api\infrastructure\DutyDock.Infrastructure\DutyDock.Infrastructure.csproj", "{1300311E-06D2-414D-9B10-76B0ED944EFF}"
EndProject
Global
	GlobalSection(SolutionConfigurationPlatforms) = preSolution
		Debug|Any CPU = Debug|Any CPU
		Release|Any CPU = Release|Any CPU
	EndGlobalSection
	GlobalSection(NestedProjects) = preSolution
		{52D4B43F-3D6D-4244-9352-C0AC0F4C267B} = {E5058B30-6279-438D-8818-BEA329D38AC7}
		{3131EC38-BF9C-4675-BA37-85EC728764BA} = {E5058B30-6279-438D-8818-BEA329D38AC7}
		{9630947B-2A28-4350-A7FB-811E687B442C} = {E5058B30-6279-438D-8818-BEA329D38AC7}
		{52ABDBE7-20E9-4151-B906-8512989B7E92} = {E5058B30-6279-438D-8818-BEA329D38AC7}
		{86D973B6-9266-4792-8245-746ED7BE8EB5} = {A6559E15-570F-4DF8-A0AB-D032FFCED816}
		{B3634EE9-7355-42E8-9999-908FCC8072E4} = {52ABDBE7-20E9-4151-B906-8512989B7E92}
		{73E0A2CE-E098-45A5-A4FE-DFBC41054981} = {52D4B43F-3D6D-4244-9352-C0AC0F4C267B}
		{3F217A93-698F-4A39-9466-5F509C57F4DC} = {52ABDBE7-20E9-4151-B906-8512989B7E92}
		{0478E735-0AC4-4DF5-A64C-0A3CCEE71A26} = {A54172B4-D031-4031-887A-9D60C3D43F23}
		{534DAAC2-1506-40C0-A0CE-CFA6B956628F} = {A54172B4-D031-4031-887A-9D60C3D43F23}
		{1CB92AF2-CE6D-4FA4-9EBC-BA1258071D0F} = {52ABDBE7-20E9-4151-B906-8512989B7E92}
		{9065E3B5-8779-4C88-A3A2-8B46EB68F5A2} = {3131EC38-BF9C-4675-BA37-85EC728764BA}
		{5F730095-7037-4010-AE21-90A4843B9D6B} = {3131EC38-BF9C-4675-BA37-85EC728764BA}
		{1300311E-06D2-414D-9B10-76B0ED944EFF} = {9630947B-2A28-4350-A7FB-811E687B442C}
	EndGlobalSection
	GlobalSection(ProjectConfigurationPlatforms) = postSolution
		{B3634EE9-7355-42E8-9999-908FCC8072E4}.Debug|Any CPU.ActiveCfg = Debug|Any CPU
		{B3634EE9-7355-42E8-9999-908FCC8072E4}.Debug|Any CPU.Build.0 = Debug|Any CPU
		{B3634EE9-7355-42E8-9999-908FCC8072E4}.Release|Any CPU.ActiveCfg = Release|Any CPU
		{B3634EE9-7355-42E8-9999-908FCC8072E4}.Release|Any CPU.Build.0 = Release|Any CPU
		{73E0A2CE-E098-45A5-A4FE-DFBC41054981}.Debug|Any CPU.ActiveCfg = Debug|Any CPU
		{73E0A2CE-E098-45A5-A4FE-DFBC41054981}.Debug|Any CPU.Build.0 = Debug|Any CPU
		{73E0A2CE-E098-45A5-A4FE-DFBC41054981}.Release|Any CPU.ActiveCfg = Release|Any CPU
		{73E0A2CE-E098-45A5-A4FE-DFBC41054981}.Release|Any CPU.Build.0 = Release|Any CPU
		{3F217A93-698F-4A39-9466-5F509C57F4DC}.Debug|Any CPU.ActiveCfg = Debug|Any CPU
		{3F217A93-698F-4A39-9466-5F509C57F4DC}.Debug|Any CPU.Build.0 = Debug|Any CPU
		{3F217A93-698F-4A39-9466-5F509C57F4DC}.Release|Any CPU.ActiveCfg = Release|Any CPU
		{3F217A93-698F-4A39-9466-5F509C57F4DC}.Release|Any CPU.Build.0 = Release|Any CPU
		{0478E735-0AC4-4DF5-A64C-0A3CCEE71A26}.Debug|Any CPU.ActiveCfg = Debug|Any CPU
		{0478E735-0AC4-4DF5-A64C-0A3CCEE71A26}.Debug|Any CPU.Build.0 = Debug|Any CPU
		{0478E735-0AC4-4DF5-A64C-0A3CCEE71A26}.Release|Any CPU.ActiveCfg = Release|Any CPU
		{0478E735-0AC4-4DF5-A64C-0A3CCEE71A26}.Release|Any CPU.Build.0 = Release|Any CPU
		{534DAAC2-1506-40C0-A0CE-CFA6B956628F}.Debug|Any CPU.ActiveCfg = Debug|Any CPU
		{534DAAC2-1506-40C0-A0CE-CFA6B956628F}.Debug|Any CPU.Build.0 = Debug|Any CPU
		{534DAAC2-1506-40C0-A0CE-CFA6B956628F}.Release|Any CPU.ActiveCfg = Release|Any CPU
		{534DAAC2-1506-40C0-A0CE-CFA6B956628F}.Release|Any CPU.Build.0 = Release|Any CPU
		{1CB92AF2-CE6D-4FA4-9EBC-BA1258071D0F}.Debug|Any CPU.ActiveCfg = Debug|Any CPU
		{1CB92AF2-CE6D-4FA4-9EBC-BA1258071D0F}.Debug|Any CPU.Build.0 = Debug|Any CPU
		{1CB92AF2-CE6D-4FA4-9EBC-BA1258071D0F}.Release|Any CPU.ActiveCfg = Release|Any CPU
		{1CB92AF2-CE6D-4FA4-9EBC-BA1258071D0F}.Release|Any CPU.Build.0 = Release|Any CPU
		{9065E3B5-8779-4C88-A3A2-8B46EB68F5A2}.Debug|Any CPU.ActiveCfg = Debug|Any CPU
		{9065E3B5-8779-4C88-A3A2-8B46EB68F5A2}.Debug|Any CPU.Build.0 = Debug|Any CPU
		{9065E3B5-8779-4C88-A3A2-8B46EB68F5A2}.Release|Any CPU.ActiveCfg = Release|Any CPU
		{9065E3B5-8779-4C88-A3A2-8B46EB68F5A2}.Release|Any CPU.Build.0 = Release|Any CPU
		{5F730095-7037-4010-AE21-90A4843B9D6B}.Debug|Any CPU.ActiveCfg = Debug|Any CPU
		{5F730095-7037-4010-AE21-90A4843B9D6B}.Debug|Any CPU.Build.0 = Debug|Any CPU
		{5F730095-7037-4010-AE21-90A4843B9D6B}.Release|Any CPU.ActiveCfg = Release|Any CPU
		{5F730095-7037-4010-AE21-90A4843B9D6B}.Release|Any CPU.Build.0 = Release|Any CPU
		{1300311E-06D2-414D-9B10-76B0ED944EFF}.Debug|Any CPU.ActiveCfg = Debug|Any CPU
		{1300311E-06D2-414D-9B10-76B0ED944EFF}.Debug|Any CPU.Build.0 = Debug|Any CPU
		{1300311E-06D2-414D-9B10-76B0ED944EFF}.Release|Any CPU.ActiveCfg = Release|Any CPU
		{1300311E-06D2-414D-9B10-76B0ED944EFF}.Release|Any CPU.Build.0 = Release|Any CPU
	EndGlobalSection
EndGlobal
